
Microsoft Visual Studio Solution File, Format Version 12.00
# Visual Studio Version 16
VisualStudioVersion = 16.0.32510.428
MinimumVisualStudioVersion = 10.0.40219.1
Project("{FAE04EC0-301F-11D3-BF4B-00C04F79EFBC}") = "TradiesJob.Api", "TradiesJob.Api.csproj", "{A7C0A45B-335F-4B36-A30B-C2B03DB03C26}"
EndProject
Project("{FAE04EC0-301F-11D3-BF4B-00C04F79EFBC}") = "TradiesJob.Public", "..\TradiesJob.Public\TradiesJob.Public.csproj", "{39B62C3A-362E-49A2-BAAA-B2304949389C}"
EndProject
Project("{FAE04EC0-301F-11D3-BF4B-00C04F79EFBC}") = "TradiesJob.Core", "..\Tradies.Core\TradiesJob.Core.csproj", "{D8E39C47-4CC2-49B5-87EB-B600A82A7EB1}"
EndProject
Project("{FAE04EC0-301F-11D3-BF4B-00C04F79EFBC}") = "TradiesJob.Domain", "..\TradiesJob.Domain\TradiesJob.Domain.csproj", "{50E5990E-722C-4B6A-A678-A3547FD5ACC1}"
EndProject
Global
	GlobalSection(SolutionConfigurationPlatforms) = preSolution
		Debug|Any CPU = Debug|Any CPU
		Release|Any CPU = Release|Any CPU
	EndGlobalSection
	GlobalSection(ProjectConfigurationPlatforms) = postSolution
		{A7C0A45B-335F-4B36-A30B-C2B03DB03C26}.Debug|Any CPU.ActiveCfg = Debug|Any CPU
		{A7C0A45B-335F-4B36-A30B-C2B03DB03C26}.Debug|Any CPU.Build.0 = Debug|Any CPU
		{A7C0A45B-335F-4B36-A30B-C2B03DB03C26}.Release|Any CPU.ActiveCfg = Release|Any CPU
		{A7C0A45B-335F-4B36-A30B-C2B03DB03C26}.Release|Any CPU.Build.0 = Release|Any CPU
		{39B62C3A-362E-49A2-BAAA-B2304949389C}.Debug|Any CPU.ActiveCfg = Debug|Any CPU
		{39B62C3A-362E-49A2-BAAA-B2304949389C}.Debug|Any CPU.Build.0 = Debug|Any CPU
		{39B62C3A-362E-49A2-BAAA-B2304949389C}.Release|Any CPU.ActiveCfg = Release|Any CPU
		{39B62C3A-362E-49A2-BAAA-B2304949389C}.Release|Any CPU.Build.0 = Release|Any CPU
		{D8E39C47-4CC2-49B5-87EB-B600A82A7EB1}.Debug|Any CPU.ActiveCfg = Debug|Any CPU
		{D8E39C47-4CC2-49B5-87EB-B600A82A7EB1}.Debug|Any CPU.Build.0 = Debug|Any CPU
		{D8E39C47-4CC2-49B5-87EB-B600A82A7EB1}.Release|Any CPU.ActiveCfg = Release|Any CPU
		{D8E39C47-4CC2-49B5-87EB-B600A82A7EB1}.Release|Any CPU.Build.0 = Release|Any CPU
		{50E5990E-722C-4B6A-A678-A3547FD5ACC1}.Debug|Any CPU.ActiveCfg = Debug|Any CPU
		{50E5990E-722C-4B6A-A678-A3547FD5ACC1}.Debug|Any CPU.Build.0 = Debug|Any CPU
		{50E5990E-722C-4B6A-A678-A3547FD5ACC1}.Release|Any CPU.ActiveCfg = Release|Any CPU
		{50E5990E-722C-4B6A-A678-A3547FD5ACC1}.Release|Any CPU.Build.0 = Release|Any CPU
	EndGlobalSection
	GlobalSection(SolutionProperties) = preSolution
		HideSolutionNode = FALSE
	EndGlobalSection
	GlobalSection(ExtensibilityGlobals) = postSolution
		SolutionGuid = {E075AAA4-F8A2-4704-A85F-FFC33C0B3535}
	EndGlobalSection
EndGlobal
